
Microsoft Visual Studio Solution File, Format Version 12.00
# Visual Studio Version 17
VisualStudioVersion = 17.5.33424.131
MinimumVisualStudioVersion = 10.0.40219.1
Project("{FAE04EC0-301F-11D3-BF4B-00C04F79EFBC}") = "Vjezba_Ivan_Kovac", "Vjezba_Ivan_Kovac\Vjezba_Ivan_Kovac.csproj", "{D9071AB9-C762-4150-88A4-8907CC944819}"
EndProject
Global
	GlobalSection(SolutionConfigurationPlatforms) = preSolution
		Debug|Any CPU = Debug|Any CPU
		Release|Any CPU = Release|Any CPU
	EndGlobalSection
	GlobalSection(ProjectConfigurationPlatforms) = postSolution
		{D9071AB9-C762-4150-88A4-8907CC944819}.Debug|Any CPU.ActiveCfg = Debug|Any CPU
		{D9071AB9-C762-4150-88A4-8907CC944819}.Debug|Any CPU.Build.0 = Debug|Any CPU
		{D9071AB9-C762-4150-88A4-8907CC944819}.Release|Any CPU.ActiveCfg = Release|Any CPU
		{D9071AB9-C762-4150-88A4-8907CC944819}.Release|Any CPU.Build.0 = Release|Any CPU
	EndGlobalSection
	GlobalSection(SolutionProperties) = preSolution
		HideSolutionNode = FALSE
	EndGlobalSection
	GlobalSection(ExtensibilityGlobals) = postSolution
		SolutionGuid = {F4329812-320E-46D7-ACA8-54EF474AC2AD}
	EndGlobalSection
EndGlobal
